
Microsoft Visual Studio Solution File, Format Version 12.00
# Visual Studio Version 17
VisualStudioVersion = 17.14.36221.1
MinimumVisualStudioVersion = 10.0.40219.1
Project("{FAE04EC0-301F-11D3-BF4B-00C04F79EFBC}") = "Shark.Fido2.Portal", "Shark.Fido2.Portal\Shark.Fido2.Portal.csproj", "{47A92EAD-0E71-C89B-01C7-086433C8288F}"
EndProject
Global
	GlobalSection(SolutionConfigurationPlatforms) = preSolution
		Debug|Any CPU = Debug|Any CPU
		Release|Any CPU = Release|Any CPU
	EndGlobalSection
	GlobalSection(ProjectConfigurationPlatforms) = postSolution
		{47A92EAD-0E71-C89B-01C7-086433C8288F}.Debug|Any CPU.ActiveCfg = Debug|Any CPU
		{47A92EAD-0E71-C89B-01C7-086433C8288F}.Debug|Any CPU.Build.0 = Debug|Any CPU
		{47A92EAD-0E71-C89B-01C7-086433C8288F}.Release|Any CPU.ActiveCfg = Release|Any CPU
		{47A92EAD-0E71-C89B-01C7-086433C8288F}.Release|Any CPU.Build.0 = Release|Any CPU
	EndGlobalSection
	GlobalSection(SolutionProperties) = preSolution
		HideSolutionNode = FALSE
	EndGlobalSection
	GlobalSection(ExtensibilityGlobals) = postSolution
		SolutionGuid = {2F8DAFF0-2E16-4D28-AADC-D6AE2D64991F}
	EndGlobalSection
EndGlobal
